
Microsoft Visual Studio Solution File, Format Version 12.00
# Visual Studio Version 17
VisualStudioVersion = 17.9.34622.214
MinimumVisualStudioVersion = 10.0.40219.1
Project("{9A19103F-16F7-4668-BE54-9A1E7A4F7556}") = "AUTHENTICATION.API", "src\AUTHENTICATION.API\AUTHENTICATION.API.csproj", "{1DF2B22C-8545-4B84-8EDD-47576467BF28}"
EndProject
Project("{9A19103F-16F7-4668-BE54-9A1E7A4F7556}") = "AUTHENTICATION.APPLICATION", "src\AUTHENTICATION.APPLICATION\AUTHENTICATION.APPLICATION.csproj", "{0EF1B27A-2884-43B4-A9D5-EF4B14A129D0}"
EndProject
Project("{9A19103F-16F7-4668-BE54-9A1E7A4F7556}") = "AUTHENTICATION.INFRA", "src\AUTHENTICATION.INFRA\AUTHENTICATION.INFRA.csproj", "{B9B5E2AF-4E0A-4A92-B340-2255CCD1F3A6}"
EndProject
Project("{9A19103F-16F7-4668-BE54-9A1E7A4F7556}") = "AUTHENTICATION.DOMAIN", "src\AUTHENTICATION.DOMAIN\AUTHENTICATION.DOMAIN.csproj", "{674AEA6F-AB3E-4CAE-B835-32A5F14B354B}"
EndProject
Project("{2150E333-8FDC-42A3-9474-1A3956D46DE8}") = "src", "src", "{67216E9A-897C-44C2-92C5-192743614840}"
EndProject
Project("{2150E333-8FDC-42A3-9474-1A3956D46DE8}") = "tests", "tests", "{47ED2FBC-BFA4-47C0-9F40-409241A50DDC}"
EndProject
Project("{FAE04EC0-301F-11D3-BF4B-00C04F79EFBC}") = "APITEST", "tests\APITEST\APITEST.csproj", "{AAEA557D-7E54-44B0-8880-829E21E7BFEA}"
EndProject
Global
	GlobalSection(SolutionConfigurationPlatforms) = preSolution
		Debug|Any CPU = Debug|Any CPU
		Release|Any CPU = Release|Any CPU
	EndGlobalSection
	GlobalSection(ProjectConfigurationPlatforms) = postSolution
		{1DF2B22C-8545-4B84-8EDD-47576467BF28}.Debug|Any CPU.ActiveCfg = Debug|Any CPU
		{1DF2B22C-8545-4B84-8EDD-47576467BF28}.Debug|Any CPU.Build.0 = Debug|Any CPU
		{1DF2B22C-8545-4B84-8EDD-47576467BF28}.Release|Any CPU.ActiveCfg = Release|Any CPU
		{1DF2B22C-8545-4B84-8EDD-47576467BF28}.Release|Any CPU.Build.0 = Release|Any CPU
		{0EF1B27A-2884-43B4-A9D5-EF4B14A129D0}.Debug|Any CPU.ActiveCfg = Debug|Any CPU
		{0EF1B27A-2884-43B4-A9D5-EF4B14A129D0}.Debug|Any CPU.Build.0 = Debug|Any CPU
		{0EF1B27A-2884-43B4-A9D5-EF4B14A129D0}.Release|Any CPU.ActiveCfg = Release|Any CPU
		{0EF1B27A-2884-43B4-A9D5-EF4B14A129D0}.Release|Any CPU.Build.0 = Release|Any CPU
		{B9B5E2AF-4E0A-4A92-B340-2255CCD1F3A6}.Debug|Any CPU.ActiveCfg = Debug|Any CPU
		{B9B5E2AF-4E0A-4A92-B340-2255CCD1F3A6}.Debug|Any CPU.Build.0 = Debug|Any CPU
		{B9B5E2AF-4E0A-4A92-B340-2255CCD1F3A6}.Release|Any CPU.ActiveCfg = Release|Any CPU
		{B9B5E2AF-4E0A-4A92-B340-2255CCD1F3A6}.Release|Any CPU.Build.0 = Release|Any CPU
		{674AEA6F-AB3E-4CAE-B835-32A5F14B354B}.Debug|Any CPU.ActiveCfg = Debug|Any CPU
		{674AEA6F-AB3E-4CAE-B835-32A5F14B354B}.Debug|Any CPU.Build.0 = Debug|Any CPU
		{674AEA6F-AB3E-4CAE-B835-32A5F14B354B}.Release|Any CPU.ActiveCfg = Release|Any CPU
		{674AEA6F-AB3E-4CAE-B835-32A5F14B354B}.Release|Any CPU.Build.0 = Release|Any CPU
		{AAEA557D-7E54-44B0-8880-829E21E7BFEA}.Debug|Any CPU.ActiveCfg = Debug|Any CPU
		{AAEA557D-7E54-44B0-8880-829E21E7BFEA}.Debug|Any CPU.Build.0 = Debug|Any CPU
		{AAEA557D-7E54-44B0-8880-829E21E7BFEA}.Release|Any CPU.ActiveCfg = Release|Any CPU
		{AAEA557D-7E54-44B0-8880-829E21E7BFEA}.Release|Any CPU.Build.0 = Release|Any CPU
	EndGlobalSection
	GlobalSection(SolutionProperties) = preSolution
		HideSolutionNode = FALSE
	EndGlobalSection
	GlobalSection(NestedProjects) = preSolution
		{1DF2B22C-8545-4B84-8EDD-47576467BF28} = {67216E9A-897C-44C2-92C5-192743614840}
		{0EF1B27A-2884-43B4-A9D5-EF4B14A129D0} = {67216E9A-897C-44C2-92C5-192743614840}
		{B9B5E2AF-4E0A-4A92-B340-2255CCD1F3A6} = {67216E9A-897C-44C2-92C5-192743614840}
		{674AEA6F-AB3E-4CAE-B835-32A5F14B354B} = {67216E9A-897C-44C2-92C5-192743614840}
		{AAEA557D-7E54-44B0-8880-829E21E7BFEA} = {47ED2FBC-BFA4-47C0-9F40-409241A50DDC}
	EndGlobalSection
	GlobalSection(ExtensibilityGlobals) = postSolution
		SolutionGuid = {A16A65E2-592B-4C72-9934-C9B1CBA324EC}
	EndGlobalSection
EndGlobal
